
Microsoft Visual Studio Solution File, Format Version 12.00
# Visual Studio Version 17
VisualStudioVersion = 17.8.34330.188
MinimumVisualStudioVersion = 10.0.40219.1
Project("{FAE04EC0-301F-11D3-BF4B-00C04F79EFBC}") = "WORLDWS", "WORLDWS.csproj", "{BC8DA5EB-41BF-4556-843D-82ED8F0EE41C}"
EndProject
Global
	GlobalSection(SolutionConfigurationPlatforms) = preSolution
		Debug|Any CPU = Debug|Any CPU
		Release|Any CPU = Release|Any CPU
	EndGlobalSection
	GlobalSection(ProjectConfigurationPlatforms) = postSolution
		{BC8DA5EB-41BF-4556-843D-82ED8F0EE41C}.Debug|Any CPU.ActiveCfg = Debug|Any CPU
		{BC8DA5EB-41BF-4556-843D-82ED8F0EE41C}.Debug|Any CPU.Build.0 = Debug|Any CPU
		{BC8DA5EB-41BF-4556-843D-82ED8F0EE41C}.Release|Any CPU.ActiveCfg = Release|Any CPU
		{BC8DA5EB-41BF-4556-843D-82ED8F0EE41C}.Release|Any CPU.Build.0 = Release|Any CPU
	EndGlobalSection
	GlobalSection(SolutionProperties) = preSolution
		HideSolutionNode = FALSE
	EndGlobalSection
	GlobalSection(ExtensibilityGlobals) = postSolution
		SolutionGuid = {FE4AC7F4-190A-4413-86A1-17DA36CCB34B}
	EndGlobalSection
EndGlobal
